
Microsoft Visual Studio Solution File, Format Version 12.00
# Visual Studio Version 16
VisualStudioVersion = 16.0.31605.320
MinimumVisualStudioVersion = 10.0.40219.1
Project("{2150E333-8FDC-42A3-9474-1A3956D46DE8}") = "Solution Items", "Solution Items", "{A09A436C-88FC-4BED-B1FC-A595F12FE22E}"
	ProjectSection(SolutionItems) = preProject
		..\README.md = ..\README.md
	EndProjectSection
EndProject
Project("{FAE04EC0-301F-11D3-BF4B-00C04F79EFBC}") = "Server.Gateway", "Server.Gateway\Server.Gateway.csproj", "{62D49CC4-7F58-4767-803D-53A27EB866E9}"
EndProject
Project("{FAE04EC0-301F-11D3-BF4B-00C04F79EFBC}") = "Client.Dummy", "Client.Dummy\Client.Dummy.csproj", "{E347C0D5-A6EA-4E89-BF25-0D9CCFB8F3D9}"
EndProject
Project("{2150E333-8FDC-42A3-9474-1A3956D46DE8}") = "Servers", "Servers", "{472D3909-F60A-4B61-AF3C-EDCA62A2E81C}"
EndProject
Project("{2150E333-8FDC-42A3-9474-1A3956D46DE8}") = "Domain", "Domain", "{105C1895-16EF-496A-BF88-8F7E543BE115}"
EndProject
Project("{FAE04EC0-301F-11D3-BF4B-00C04F79EFBC}") = "Domain.PokerRule", "Domain.PokerRule\Domain.PokerRule.csproj", "{C27751E0-B814-4854-900B-21A31CA2B845}"
EndProject
Project("{FAE04EC0-301F-11D3-BF4B-00C04F79EFBC}") = "Domain.PokerRule.Tests", "Domain.PokerRule.Tests\Domain.PokerRule.Tests.csproj", "{B7F98FE4-AEB9-4806-B0CD-F741D8D56FCE}"
EndProject
Project("{FAE04EC0-301F-11D3-BF4B-00C04F79EFBC}") = "Domain.PokerRule.Data", "Domain.PokerRule.Data\Domain.PokerRule.Data.csproj", "{8F8FA0FA-FD21-48C0-8EF6-40A62920EC7F}"
EndProject
Project("{FAE04EC0-301F-11D3-BF4B-00C04F79EFBC}") = "Server.RingGame6Max", "Server.RingGame6Max\Server.RingGame6Max.csproj", "{4E3BA599-6850-46A4-93C7-1AC1CDB2C6B6}"
EndProject
Project("{FAE04EC0-301F-11D3-BF4B-00C04F79EFBC}") = "Server.SitAndGo", "Server.SitAndGo\Server.SitAndGo.csproj", "{9D691425-56B6-403A-83FB-A5523A23753A}"
EndProject
Project("{FAE04EC0-301F-11D3-BF4B-00C04F79EFBC}") = "Server.Tournament", "Server.Tournament\Server.Tournament.csproj", "{F588DABC-92D8-4A19-BAF2-0A28B9FA4119}"
EndProject
Global
	GlobalSection(SolutionConfigurationPlatforms) = preSolution
		Debug|Any CPU = Debug|Any CPU
		Release|Any CPU = Release|Any CPU
	EndGlobalSection
	GlobalSection(ProjectConfigurationPlatforms) = postSolution
		{62D49CC4-7F58-4767-803D-53A27EB866E9}.Debug|Any CPU.ActiveCfg = Debug|Any CPU
		{62D49CC4-7F58-4767-803D-53A27EB866E9}.Debug|Any CPU.Build.0 = Debug|Any CPU
		{62D49CC4-7F58-4767-803D-53A27EB866E9}.Release|Any CPU.ActiveCfg = Release|Any CPU
		{62D49CC4-7F58-4767-803D-53A27EB866E9}.Release|Any CPU.Build.0 = Release|Any CPU
		{E347C0D5-A6EA-4E89-BF25-0D9CCFB8F3D9}.Debug|Any CPU.ActiveCfg = Debug|Any CPU
		{E347C0D5-A6EA-4E89-BF25-0D9CCFB8F3D9}.Debug|Any CPU.Build.0 = Debug|Any CPU
		{E347C0D5-A6EA-4E89-BF25-0D9CCFB8F3D9}.Release|Any CPU.ActiveCfg = Release|Any CPU
		{E347C0D5-A6EA-4E89-BF25-0D9CCFB8F3D9}.Release|Any CPU.Build.0 = Release|Any CPU
		{C27751E0-B814-4854-900B-21A31CA2B845}.Debug|Any CPU.ActiveCfg = Debug|Any CPU
		{C27751E0-B814-4854-900B-21A31CA2B845}.Debug|Any CPU.Build.0 = Debug|Any CPU
		{C27751E0-B814-4854-900B-21A31CA2B845}.Release|Any CPU.ActiveCfg = Release|Any CPU
		{C27751E0-B814-4854-900B-21A31CA2B845}.Release|Any CPU.Build.0 = Release|Any CPU
		{B7F98FE4-AEB9-4806-B0CD-F741D8D56FCE}.Debug|Any CPU.ActiveCfg = Debug|Any CPU
		{B7F98FE4-AEB9-4806-B0CD-F741D8D56FCE}.Debug|Any CPU.Build.0 = Debug|Any CPU
		{B7F98FE4-AEB9-4806-B0CD-F741D8D56FCE}.Release|Any CPU.ActiveCfg = Release|Any CPU
		{B7F98FE4-AEB9-4806-B0CD-F741D8D56FCE}.Release|Any CPU.Build.0 = Release|Any CPU
		{8F8FA0FA-FD21-48C0-8EF6-40A62920EC7F}.Debug|Any CPU.ActiveCfg = Debug|Any CPU
		{8F8FA0FA-FD21-48C0-8EF6-40A62920EC7F}.Debug|Any CPU.Build.0 = Debug|Any CPU
		{8F8FA0FA-FD21-48C0-8EF6-40A62920EC7F}.Release|Any CPU.ActiveCfg = Release|Any CPU
		{8F8FA0FA-FD21-48C0-8EF6-40A62920EC7F}.Release|Any CPU.Build.0 = Release|Any CPU
		{4E3BA599-6850-46A4-93C7-1AC1CDB2C6B6}.Debug|Any CPU.ActiveCfg = Debug|Any CPU
		{4E3BA599-6850-46A4-93C7-1AC1CDB2C6B6}.Debug|Any CPU.Build.0 = Debug|Any CPU
		{4E3BA599-6850-46A4-93C7-1AC1CDB2C6B6}.Release|Any CPU.ActiveCfg = Release|Any CPU
		{4E3BA599-6850-46A4-93C7-1AC1CDB2C6B6}.Release|Any CPU.Build.0 = Release|Any CPU
		{9D691425-56B6-403A-83FB-A5523A23753A}.Debug|Any CPU.ActiveCfg = Debug|Any CPU
		{9D691425-56B6-403A-83FB-A5523A23753A}.Debug|Any CPU.Build.0 = Debug|Any CPU
		{9D691425-56B6-403A-83FB-A5523A23753A}.Release|Any CPU.ActiveCfg = Release|Any CPU
		{9D691425-56B6-403A-83FB-A5523A23753A}.Release|Any CPU.Build.0 = Release|Any CPU
		{F588DABC-92D8-4A19-BAF2-0A28B9FA4119}.Debug|Any CPU.ActiveCfg = Debug|Any CPU
		{F588DABC-92D8-4A19-BAF2-0A28B9FA4119}.Debug|Any CPU.Build.0 = Debug|Any CPU
		{F588DABC-92D8-4A19-BAF2-0A28B9FA4119}.Release|Any CPU.ActiveCfg = Release|Any CPU
		{F588DABC-92D8-4A19-BAF2-0A28B9FA4119}.Release|Any CPU.Build.0 = Release|Any CPU
	EndGlobalSection
	GlobalSection(SolutionProperties) = preSolution
		HideSolutionNode = FALSE
	EndGlobalSection
	GlobalSection(NestedProjects) = preSolution
		{62D49CC4-7F58-4767-803D-53A27EB866E9} = {472D3909-F60A-4B61-AF3C-EDCA62A2E81C}
		{C27751E0-B814-4854-900B-21A31CA2B845} = {105C1895-16EF-496A-BF88-8F7E543BE115}
		{B7F98FE4-AEB9-4806-B0CD-F741D8D56FCE} = {105C1895-16EF-496A-BF88-8F7E543BE115}
		{8F8FA0FA-FD21-48C0-8EF6-40A62920EC7F} = {105C1895-16EF-496A-BF88-8F7E543BE115}
		{4E3BA599-6850-46A4-93C7-1AC1CDB2C6B6} = {472D3909-F60A-4B61-AF3C-EDCA62A2E81C}
		{9D691425-56B6-403A-83FB-A5523A23753A} = {472D3909-F60A-4B61-AF3C-EDCA62A2E81C}
		{F588DABC-92D8-4A19-BAF2-0A28B9FA4119} = {472D3909-F60A-4B61-AF3C-EDCA62A2E81C}
	EndGlobalSection
	GlobalSection(ExtensibilityGlobals) = postSolution
		SolutionGuid = {2C76BF93-AF26-4370-B152-BB512C39024C}
	EndGlobalSection
EndGlobal
